
Microsoft Visual Studio Solution File, Format Version 12.00
# Visual Studio Version 17
VisualStudioVersion = 17.1.32319.34
MinimumVisualStudioVersion = 10.0.40219.1
Project("{FAE04EC0-301F-11D3-BF4B-00C04F79EFBC}") = "Semester Project", "Semester Project.csproj", "{6A0C74DB-F796-43AC-9349-B3714B359F91}"
EndProject
Project("{FAE04EC0-301F-11D3-BF4B-00C04F79EFBC}") = "CarModel", "..\CarModel\CarModel.csproj", "{FE9932EB-EF17-4266-A920-C5B317D968B8}"
EndProject
Project("{FAE04EC0-301F-11D3-BF4B-00C04F79EFBC}") = "Cardb", "..\Cardb\Cardb.csproj", "{1849E520-725D-4309-ADAC-2D74960C83C0}"
EndProject
Global
	GlobalSection(SolutionConfigurationPlatforms) = preSolution
		Debug|Any CPU = Debug|Any CPU
		Release|Any CPU = Release|Any CPU
	EndGlobalSection
	GlobalSection(ProjectConfigurationPlatforms) = postSolution
		{6A0C74DB-F796-43AC-9349-B3714B359F91}.Debug|Any CPU.ActiveCfg = Debug|Any CPU
		{6A0C74DB-F796-43AC-9349-B3714B359F91}.Debug|Any CPU.Build.0 = Debug|Any CPU
		{6A0C74DB-F796-43AC-9349-B3714B359F91}.Release|Any CPU.ActiveCfg = Release|Any CPU
		{6A0C74DB-F796-43AC-9349-B3714B359F91}.Release|Any CPU.Build.0 = Release|Any CPU
		{FE9932EB-EF17-4266-A920-C5B317D968B8}.Debug|Any CPU.ActiveCfg = Debug|Any CPU
		{FE9932EB-EF17-4266-A920-C5B317D968B8}.Debug|Any CPU.Build.0 = Debug|Any CPU
		{FE9932EB-EF17-4266-A920-C5B317D968B8}.Release|Any CPU.ActiveCfg = Release|Any CPU
		{FE9932EB-EF17-4266-A920-C5B317D968B8}.Release|Any CPU.Build.0 = Release|Any CPU
		{1849E520-725D-4309-ADAC-2D74960C83C0}.Debug|Any CPU.ActiveCfg = Debug|Any CPU
		{1849E520-725D-4309-ADAC-2D74960C83C0}.Debug|Any CPU.Build.0 = Debug|Any CPU
		{1849E520-725D-4309-ADAC-2D74960C83C0}.Release|Any CPU.ActiveCfg = Release|Any CPU
		{1849E520-725D-4309-ADAC-2D74960C83C0}.Release|Any CPU.Build.0 = Release|Any CPU
	EndGlobalSection
	GlobalSection(SolutionProperties) = preSolution
		HideSolutionNode = FALSE
	EndGlobalSection
	GlobalSection(ExtensibilityGlobals) = postSolution
		SolutionGuid = {465B8699-2CDD-4795-BA20-DBCEA42D70A8}
	EndGlobalSection
EndGlobal
